
Microsoft Visual Studio Solution File, Format Version 12.00
# Visual Studio 15
VisualStudioVersion = 15.0.28307.757
MinimumVisualStudioVersion = 10.0.40219.1
Project("{8BC9CEB8-8B4A-11D0-8D11-00A0C91BC942}") = "framebuffer_primary", "framebuffer_primary\framebuffer_primary.vcxproj", "{8F118E35-4FB9-42BC-8756-FC4C6B5D10E1}"
EndProject
Global
	GlobalSection(SolutionConfigurationPlatforms) = preSolution
		Debug|x64 = Debug|x64
		Debug|x86 = Debug|x86
		Release|x64 = Release|x64
		Release|x86 = Release|x86
	EndGlobalSection
	GlobalSection(ProjectConfigurationPlatforms) = postSolution
		{8F118E35-4FB9-42BC-8756-FC4C6B5D10E1}.Debug|x64.ActiveCfg = Debug|x64
		{8F118E35-4FB9-42BC-8756-FC4C6B5D10E1}.Debug|x64.Build.0 = Debug|x64
		{8F118E35-4FB9-42BC-8756-FC4C6B5D10E1}.Debug|x86.ActiveCfg = Debug|Win32
		{8F118E35-4FB9-42BC-8756-FC4C6B5D10E1}.Debug|x86.Build.0 = Debug|Win32
		{8F118E35-4FB9-42BC-8756-FC4C6B5D10E1}.Release|x64.ActiveCfg = Release|x64
		{8F118E35-4FB9-42BC-8756-FC4C6B5D10E1}.Release|x64.Build.0 = Release|x64
		{8F118E35-4FB9-42BC-8756-FC4C6B5D10E1}.Release|x86.ActiveCfg = Release|Win32
		{8F118E35-4FB9-42BC-8756-FC4C6B5D10E1}.Release|x86.Build.0 = Release|Win32
	EndGlobalSection
	GlobalSection(SolutionProperties) = preSolution
		HideSolutionNode = FALSE
	EndGlobalSection
	GlobalSection(ExtensibilityGlobals) = postSolution
		SolutionGuid = {6608C465-B1AF-45E5-BD80-079E23DFBA78}
	EndGlobalSection
EndGlobal
