
Microsoft Visual Studio Solution File, Format Version 12.00
# Visual Studio 15
VisualStudioVersion = 15.0.28307.757
MinimumVisualStudioVersion = 10.0.40219.1
Project("{8BC9CEB8-8B4A-11D0-8D11-00A0C91BC942}") = "face_culling", "face_culling\face_culling.vcxproj", "{9C6E8D5F-DA2B-427F-AF6A-35A89E12FC5D}"
EndProject
Global
	GlobalSection(SolutionConfigurationPlatforms) = preSolution
		Debug|x64 = Debug|x64
		Debug|x86 = Debug|x86
		Release|x64 = Release|x64
		Release|x86 = Release|x86
	EndGlobalSection
	GlobalSection(ProjectConfigurationPlatforms) = postSolution
		{9C6E8D5F-DA2B-427F-AF6A-35A89E12FC5D}.Debug|x64.ActiveCfg = Debug|x64
		{9C6E8D5F-DA2B-427F-AF6A-35A89E12FC5D}.Debug|x64.Build.0 = Debug|x64
		{9C6E8D5F-DA2B-427F-AF6A-35A89E12FC5D}.Debug|x86.ActiveCfg = Debug|Win32
		{9C6E8D5F-DA2B-427F-AF6A-35A89E12FC5D}.Debug|x86.Build.0 = Debug|Win32
		{9C6E8D5F-DA2B-427F-AF6A-35A89E12FC5D}.Release|x64.ActiveCfg = Release|x64
		{9C6E8D5F-DA2B-427F-AF6A-35A89E12FC5D}.Release|x64.Build.0 = Release|x64
		{9C6E8D5F-DA2B-427F-AF6A-35A89E12FC5D}.Release|x86.ActiveCfg = Release|Win32
		{9C6E8D5F-DA2B-427F-AF6A-35A89E12FC5D}.Release|x86.Build.0 = Release|Win32
	EndGlobalSection
	GlobalSection(SolutionProperties) = preSolution
		HideSolutionNode = FALSE
	EndGlobalSection
	GlobalSection(ExtensibilityGlobals) = postSolution
		SolutionGuid = {91700689-6895-4739-9137-B3FDC958F063}
	EndGlobalSection
EndGlobal
